
Microsoft Visual Studio Solution File, Format Version 12.00
# Visual Studio Version 17
VisualStudioVersion = 17.3.32929.385
MinimumVisualStudioVersion = 10.0.40219.1
Project("{FAE04EC0-301F-11D3-BF4B-00C04F79EFBC}") = "MyProject.API", "MyProject.API\MyProject.API.csproj", "{D9C6A3BA-5563-4CEF-896C-0DB9BF58811B}"
EndProject
Project("{FAE04EC0-301F-11D3-BF4B-00C04F79EFBC}") = "MyProject.Services", "MyProject.Services\MyProject.Services.csproj", "{F21FE9AE-3513-4B0D-BA55-F332A4B12CD6}"
EndProject
Global
	GlobalSection(SolutionConfigurationPlatforms) = preSolution
		Debug|Any CPU = Debug|Any CPU
		Release|Any CPU = Release|Any CPU
	EndGlobalSection
	GlobalSection(ProjectConfigurationPlatforms) = postSolution
		{D9C6A3BA-5563-4CEF-896C-0DB9BF58811B}.Debug|Any CPU.ActiveCfg = Debug|Any CPU
		{D9C6A3BA-5563-4CEF-896C-0DB9BF58811B}.Debug|Any CPU.Build.0 = Debug|Any CPU
		{D9C6A3BA-5563-4CEF-896C-0DB9BF58811B}.Release|Any CPU.ActiveCfg = Release|Any CPU
		{D9C6A3BA-5563-4CEF-896C-0DB9BF58811B}.Release|Any CPU.Build.0 = Release|Any CPU
		{F21FE9AE-3513-4B0D-BA55-F332A4B12CD6}.Debug|Any CPU.ActiveCfg = Debug|Any CPU
		{F21FE9AE-3513-4B0D-BA55-F332A4B12CD6}.Debug|Any CPU.Build.0 = Debug|Any CPU
		{F21FE9AE-3513-4B0D-BA55-F332A4B12CD6}.Release|Any CPU.ActiveCfg = Release|Any CPU
		{F21FE9AE-3513-4B0D-BA55-F332A4B12CD6}.Release|Any CPU.Build.0 = Release|Any CPU
	EndGlobalSection
	GlobalSection(SolutionProperties) = preSolution
		HideSolutionNode = FALSE
	EndGlobalSection
	GlobalSection(ExtensibilityGlobals) = postSolution
		SolutionGuid = {A80E157F-06CB-428C-B425-24E117122EB8}
	EndGlobalSection
EndGlobal
